
Microsoft Visual Studio Solution File, Format Version 12.00
# Visual Studio Version 17
VisualStudioVersion = 17.0.31903.59
MinimumVisualStudioVersion = 10.0.40219.1
Project("{FAE04EC0-301F-11D3-BF4B-00C04F79EFBC}") = "CRUD_Usuario", "CRUD_Usuario\CRUD_Usuario.csproj", "{708425F3-F735-4793-93A8-96A1E93458DB}"
EndProject
Global
	GlobalSection(SolutionConfigurationPlatforms) = preSolution
		Debug|Any CPU = Debug|Any CPU
		Release|Any CPU = Release|Any CPU
	EndGlobalSection
	GlobalSection(ProjectConfigurationPlatforms) = postSolution
		{708425F3-F735-4793-93A8-96A1E93458DB}.Debug|Any CPU.ActiveCfg = Debug|Any CPU
		{708425F3-F735-4793-93A8-96A1E93458DB}.Debug|Any CPU.Build.0 = Debug|Any CPU
		{708425F3-F735-4793-93A8-96A1E93458DB}.Release|Any CPU.ActiveCfg = Release|Any CPU
		{708425F3-F735-4793-93A8-96A1E93458DB}.Release|Any CPU.Build.0 = Release|Any CPU
	EndGlobalSection
	GlobalSection(SolutionProperties) = preSolution
		HideSolutionNode = FALSE
	EndGlobalSection
	GlobalSection(ExtensibilityGlobals) = postSolution
		SolutionGuid = {97232533-A2F6-4BC3-80D0-A128E922E9BD}
	EndGlobalSection
EndGlobal
